// !$*UTF8*$!
{
	archiveVersion = 1;
	classes = {
	};
	objectVersion = 46;
	objects = {

/* Begin PBXBuildFile section */
		2F01560B1F52FCE80023F909 /* SocketService.swift in Sources */ = {isa = PBXBuildFile; fileRef = 2F01560A1F52FCE80023F909 /* SocketService.swift */; };
		2F0490101F47587C00FE52F4 /* Constants.swift in Sources */ = {isa = PBXBuildFile; fileRef = 2F04900F1F47587C00FE52F4 /* Constants.swift */; };
		2F0490141F478D2900FE52F4 /* LoginViewController.swift in Sources */ = {isa = PBXBuildFile; fileRef = 2F0490131F478D2900FE52F4 /* LoginViewController.swift */; };
		2F05C0F41F4D844900633F44 /* AvatarPickerViewController.swift in Sources */ = {isa = PBXBuildFile; fileRef = 2F05C0F31F4D844900633F44 /* AvatarPickerViewController.swift */; };
		2F05C0F61F4D945D00633F44 /* AvatarCellCollectionViewCell.swift in Sources */ = {isa = PBXBuildFile; fileRef = 2F05C0F51F4D945D00633F44 /* AvatarCellCollectionViewCell.swift */; };
		2F220FAA1F51A7B800DA4831 /* ChannelCell.swift in Sources */ = {isa = PBXBuildFile; fileRef = 2F220FA91F51A7B800DA4831 /* ChannelCell.swift */; };
		2F220FAD1F51B76600DA4831 /* AddChannelViewController.swift in Sources */ = {isa = PBXBuildFile; fileRef = 2F220FAB1F51B76600DA4831 /* AddChannelViewController.swift */; };
		2F220FAE1F51B76600DA4831 /* AddChannelViewController.xib in Resources */ = {isa = PBXBuildFile; fileRef = 2F220FAC1F51B76600DA4831 /* AddChannelViewController.xib */; };
		2F2245681F4C69000013174E /* AuthService.swift in Sources */ = {isa = PBXBuildFile; fileRef = 2F2245671F4C69000013174E /* AuthService.swift */; };
		2F22456A1F4C7BC30013174E /* RoundedButton.swift in Sources */ = {isa = PBXBuildFile; fileRef = 2F2245691F4C7BC30013174E /* RoundedButton.swift */; };
		2F2A2B331F50ED0600A81073 /* MessagesService.swift in Sources */ = {isa = PBXBuildFile; fileRef = 2F2A2B321F50ED0600A81073 /* MessagesService.swift */; };
		2F2A2B351F50ED1400A81073 /* Channel.swift in Sources */ = {isa = PBXBuildFile; fileRef = 2F2A2B341F50ED1400A81073 /* Channel.swift */; };
		2F4087A01F4DEE81006BB513 /* CircleImage.swift in Sources */ = {isa = PBXBuildFile; fileRef = 2F40879F1F4DEE81006BB513 /* CircleImage.swift */; };
		2F4447961F3A08BD00A012EE /* AppDelegate.swift in Sources */ = {isa = PBXBuildFile; fileRef = 2F4447951F3A08BD00A012EE /* AppDelegate.swift */; };
		2F44479B1F3A08BD00A012EE /* Main.storyboard in Resources */ = {isa = PBXBuildFile; fileRef = 2F4447991F3A08BD00A012EE /* Main.storyboard */; };
		2F44479D1F3A08BD00A012EE /* Assets.xcassets in Resources */ = {isa = PBXBuildFile; fileRef = 2F44479C1F3A08BD00A012EE /* Assets.xcassets */; };
		2F4447A01F3A08BD00A012EE /* LaunchScreen.storyboard in Resources */ = {isa = PBXBuildFile; fileRef = 2F44479E1F3A08BD00A012EE /* LaunchScreen.storyboard */; };
		2F5BE5141F4A076A004A4952 /* CreateAccountViewController.swift in Sources */ = {isa = PBXBuildFile; fileRef = 2F5BE5131F4A076A004A4952 /* CreateAccountViewController.swift */; };
		2F6F98161F41DDD600A41D08 /* SWRevealViewController.m in Sources */ = {isa = PBXBuildFile; fileRef = 2F6F98151F41DDD600A41D08 /* SWRevealViewController.m */; };
		2F7E2CB81F507D4B00C9AC94 /* ProfileViewController.swift in Sources */ = {isa = PBXBuildFile; fileRef = 2F7E2CB61F507D4B00C9AC94 /* ProfileViewController.swift */; };
		2F7E2CB91F507D4B00C9AC94 /* ProfileViewController.xib in Resources */ = {isa = PBXBuildFile; fileRef = 2F7E2CB71F507D4B00C9AC94 /* ProfileViewController.xib */; };
		2FA767271F472B2900B030FF /* GradientView.swift in Sources */ = {isa = PBXBuildFile; fileRef = 2FA767261F472B2900B030FF /* GradientView.swift */; };
		2FDE78291F4CDAD700CB7F5C /* UserDataService.swift in Sources */ = {isa = PBXBuildFile; fileRef = 2FDE78281F4CDAD700CB7F5C /* UserDataService.swift */; };
		2FFB7A411F44EDC600B92DA9 /* ChannelViewController.swift in Sources */ = {isa = PBXBuildFile; fileRef = 2FFB7A401F44EDC600B92DA9 /* ChannelViewController.swift */; };
		2FFB7A431F44EDDA00B92DA9 /* ChatViewController.swift in Sources */ = {isa = PBXBuildFile; fileRef = 2FFB7A421F44EDDA00B92DA9 /* ChatViewController.swift */; };
		B19B002D683223DCA2A91DA4 /* Pods_Converse.framework in Frameworks */ = {isa = PBXBuildFile; fileRef = 9D26BAA0CF5723B9D6B36C1B /* Pods_Converse.framework */; };
/* End PBXBuildFile section */

/* Begin PBXFileReference section */
		2F01560A1F52FCE80023F909 /* SocketService.swift */ = {isa = PBXFileReference; fileEncoding = 4; lastKnownFileType = sourcecode.swift; path = SocketService.swift; sourceTree = "<group>"; };
		2F04900F1F47587C00FE52F4 /* Constants.swift */ = {isa = PBXFileReference; fileEncoding = 4; lastKnownFileType = sourcecode.swift; path = Constants.swift; sourceTree = "<group>"; };
		2F0490131F478D2900FE52F4 /* LoginViewController.swift */ = {isa = PBXFileReference; fileEncoding = 4; lastKnownFileType = sourcecode.swift; path = LoginViewController.swift; sourceTree = "<group>"; };
		2F05C0F31F4D844900633F44 /* AvatarPickerViewController.swift */ = {isa = PBXFileReference; fileEncoding = 4; lastKnownFileType = sourcecode.swift; path = AvatarPickerViewController.swift; sourceTree = "<group>"; };
		2F05C0F51F4D945D00633F44 /* AvatarCellCollectionViewCell.swift */ = {isa = PBXFileReference; fileEncoding = 4; lastKnownFileType = sourcecode.swift; path = AvatarCellCollectionViewCell.swift; sourceTree = "<group>"; };
		2F220FA91F51A7B800DA4831 /* ChannelCell.swift */ = {isa = PBXFileReference; fileEncoding = 4; lastKnownFileType = sourcecode.swift; path = ChannelCell.swift; sourceTree = "<group>"; };
		2F220FAB1F51B76600DA4831 /* AddChannelViewController.swift */ = {isa = PBXFileReference; fileEncoding = 4; lastKnownFileType = sourcecode.swift; path = AddChannelViewController.swift; sourceTree = "<group>"; };
		2F220FAC1F51B76600DA4831 /* AddChannelViewController.xib */ = {isa = PBXFileReference; fileEncoding = 4; lastKnownFileType = file.xib; path = AddChannelViewController.xib; sourceTree = "<group>"; };
		2F2245671F4C69000013174E /* AuthService.swift */ = {isa = PBXFileReference; fileEncoding = 4; lastKnownFileType = sourcecode.swift; path = AuthService.swift; sourceTree = "<group>"; };
		2F2245691F4C7BC30013174E /* RoundedButton.swift */ = {isa = PBXFileReference; fileEncoding = 4; lastKnownFileType = sourcecode.swift; path = RoundedButton.swift; sourceTree = "<group>"; };
		2F2A2B321F50ED0600A81073 /* MessagesService.swift */ = {isa = PBXFileReference; fileEncoding = 4; lastKnownFileType = sourcecode.swift; path = MessagesService.swift; sourceTree = "<group>"; };
		2F2A2B341F50ED1400A81073 /* Channel.swift */ = {isa = PBXFileReference; fileEncoding = 4; lastKnownFileType = sourcecode.swift; path = Channel.swift; sourceTree = "<group>"; };
		2F40879F1F4DEE81006BB513 /* CircleImage.swift */ = {isa = PBXFileReference; fileEncoding = 4; lastKnownFileType = sourcecode.swift; path = CircleImage.swift; sourceTree = "<group>"; };
		2F4447921F3A08BD00A012EE /* Converse.app */ = {isa = PBXFileReference; explicitFileType = wrapper.application; includeInIndex = 0; path = Converse.app; sourceTree = BUILT_PRODUCTS_DIR; };
		2F4447951F3A08BD00A012EE /* AppDelegate.swift */ = {isa = PBXFileReference; lastKnownFileType = sourcecode.swift; path = AppDelegate.swift; sourceTree = "<group>"; };
		2F44479A1F3A08BD00A012EE /* Base */ = {isa = PBXFileReference; lastKnownFileType = file.storyboard; name = Base; path = Base.lproj/Main.storyboard; sourceTree = "<group>"; };
		2F44479C1F3A08BD00A012EE /* Assets.xcassets */ = {isa = PBXFileReference; lastKnownFileType = folder.assetcatalog; path = Assets.xcassets; sourceTree = "<group>"; };
		2F44479F1F3A08BD00A012EE /* Base */ = {isa = PBXFileReference; lastKnownFileType = file.storyboard; name = Base; path = Base.lproj/LaunchScreen.storyboard; sourceTree = "<group>"; };
		2F4447A11F3A08BD00A012EE /* Info.plist */ = {isa = PBXFileReference; lastKnownFileType = text.plist.xml; path = Info.plist; sourceTree = "<group>"; };
		2F5BE5131F4A076A004A4952 /* CreateAccountViewController.swift */ = {isa = PBXFileReference; fileEncoding = 4; lastKnownFileType = sourcecode.swift; path = CreateAccountViewController.swift; sourceTree = "<group>"; };
		2F6F98131F41DDD600A41D08 /* Converse-Bridging-Header.h */ = {isa = PBXFileReference; lastKnownFileType = sourcecode.c.h; path = "Converse-Bridging-Header.h"; sourceTree = "<group>"; };
		2F6F98141F41DDD600A41D08 /* SWRevealViewController.h */ = {isa = PBXFileReference; fileEncoding = 4; lastKnownFileType = sourcecode.c.h; path = SWRevealViewController.h; sourceTree = "<group>"; };
		2F6F98151F41DDD600A41D08 /* SWRevealViewController.m */ = {isa = PBXFileReference; fileEncoding = 4; lastKnownFileType = sourcecode.c.objc; path = SWRevealViewController.m; sourceTree = "<group>"; };
		2F7E2CB61F507D4B00C9AC94 /* ProfileViewController.swift */ = {isa = PBXFileReference; fileEncoding = 4; lastKnownFileType = sourcecode.swift; path = ProfileViewController.swift; sourceTree = "<group>"; };
		2F7E2CB71F507D4B00C9AC94 /* ProfileViewController.xib */ = {isa = PBXFileReference; fileEncoding = 4; lastKnownFileType = file.xib; path = ProfileViewController.xib; sourceTree = "<group>"; };
		2FA767261F472B2900B030FF /* GradientView.swift */ = {isa = PBXFileReference; fileEncoding = 4; lastKnownFileType = sourcecode.swift; path = GradientView.swift; sourceTree = "<group>"; };
		2FDE78281F4CDAD700CB7F5C /* UserDataService.swift */ = {isa = PBXFileReference; fileEncoding = 4; lastKnownFileType = sourcecode.swift; path = UserDataService.swift; sourceTree = "<group>"; };
		2FFB7A401F44EDC600B92DA9 /* ChannelViewController.swift */ = {isa = PBXFileReference; fileEncoding = 4; lastKnownFileType = sourcecode.swift; path = ChannelViewController.swift; sourceTree = "<group>"; };
		2FFB7A421F44EDDA00B92DA9 /* ChatViewController.swift */ = {isa = PBXFileReference; fileEncoding = 4; lastKnownFileType = sourcecode.swift; path = ChatViewController.swift; sourceTree = "<group>"; };
		9D26BAA0CF5723B9D6B36C1B /* Pods_Converse.framework */ = {isa = PBXFileReference; explicitFileType = wrapper.framework; includeInIndex = 0; path = Pods_Converse.framework; sourceTree = BUILT_PRODUCTS_DIR; };
		D95F4EEC50E689854C917458 /* Pods-Converse.debug.xcconfig */ = {isa = PBXFileReference; includeInIndex = 1; lastKnownFileType = text.xcconfig; name = "Pods-Converse.debug.xcconfig"; path = "Pods/Target Support Files/Pods-Converse/Pods-Converse.debug.xcconfig"; sourceTree = "<group>"; };
		F44E5E1C03D8231D5AC87492 /* Pods-Converse.release.xcconfig */ = {isa = PBXFileReference; includeInIndex = 1; lastKnownFileType = text.xcconfig; name = "Pods-Converse.release.xcconfig"; path = "Pods/Target Support Files/Pods-Converse/Pods-Converse.release.xcconfig"; sourceTree = "<group>"; };
/* End PBXFileReference section */

/* Begin PBXFrameworksBuildPhase section */
		2F44478F1F3A08BD00A012EE /* Frameworks */ = {
			isa = PBXFrameworksBuildPhase;
			buildActionMask = 2147483647;
			files = (
				B19B002D683223DCA2A91DA4 /* Pods_Converse.framework in Frameworks */,
			);
			runOnlyForDeploymentPostprocessing = 0;
		};
/* End PBXFrameworksBuildPhase section */

/* Begin PBXGroup section */
		2B803D8DF20DC1AC1EFA8182 /* Frameworks */ = {
			isa = PBXGroup;
			children = (
				9D26BAA0CF5723B9D6B36C1B /* Pods_Converse.framework */,
			);
			name = Frameworks;
			sourceTree = "<group>";
		};
		2F04900E1F47586900FE52F4 /* Utilities */ = {
			isa = PBXGroup;
			children = (
				2F04900F1F47587C00FE52F4 /* Constants.swift */,
			);
			name = Utilities;
			sourceTree = "<group>";
		};
		2F2245661F4C68EA0013174E /* Services */ = {
			isa = PBXGroup;
			children = (
				2F2245671F4C69000013174E /* AuthService.swift */,
				2FDE78281F4CDAD700CB7F5C /* UserDataService.swift */,
				2F2A2B321F50ED0600A81073 /* MessagesService.swift */,
				2F01560A1F52FCE80023F909 /* SocketService.swift */,
			);
			name = Services;
			sourceTree = "<group>";
		};
		2F4447891F3A08BD00A012EE = {
			isa = PBXGroup;
			children = (
				2F4447941F3A08BD00A012EE /* Converse */,
				2F4447931F3A08BD00A012EE /* Products */,
				4F545A0806CFA4C1918E3396 /* Pods */,
				2B803D8DF20DC1AC1EFA8182 /* Frameworks */,
			);
			sourceTree = "<group>";
		};
		2F4447931F3A08BD00A012EE /* Products */ = {
			isa = PBXGroup;
			children = (
				2F4447921F3A08BD00A012EE /* Converse.app */,
			);
			name = Products;
			sourceTree = "<group>";
		};
		2F4447941F3A08BD00A012EE /* Converse */ = {
			isa = PBXGroup;
			children = (
				2F7E2CBA1F507D5000C9AC94 /* XIBs */,
				2F2245661F4C68EA0013174E /* Services */,
				2F04900E1F47586900FE52F4 /* Utilities */,
				2FFB7A3F1F44EB9A00B92DA9 /* Controller */,
				2FFB7A3E1F44EB9500B92DA9 /* View */,
				2FFB7A3D1F44EB8E00B92DA9 /* Model */,
				2F6F98121F41DC6E00A41D08 /* Supporting Files */,
				2F4447951F3A08BD00A012EE /* AppDelegate.swift */,
				2F4447991F3A08BD00A012EE /* Main.storyboard */,
				2F44479C1F3A08BD00A012EE /* Assets.xcassets */,
				2F44479E1F3A08BD00A012EE /* LaunchScreen.storyboard */,
				2F4447A11F3A08BD00A012EE /* Info.plist */,
			);
			path = Converse;
			sourceTree = "<group>";
		};
		2F6F98121F41DC6E00A41D08 /* Supporting Files */ = {
			isa = PBXGroup;
			children = (
				2F6F98141F41DDD600A41D08 /* SWRevealViewController.h */,
				2F6F98151F41DDD600A41D08 /* SWRevealViewController.m */,
				2F6F98131F41DDD600A41D08 /* Converse-Bridging-Header.h */,
			);
			name = "Supporting Files";
			path = ..;
			sourceTree = "<group>";
		};
		2F7E2CBA1F507D5000C9AC94 /* XIBs */ = {
			isa = PBXGroup;
			children = (
				2F220FAC1F51B76600DA4831 /* AddChannelViewController.xib */,
				2F7E2CB71F507D4B00C9AC94 /* ProfileViewController.xib */,
			);
			name = XIBs;
			sourceTree = "<group>";
		};
		2FFB7A3D1F44EB8E00B92DA9 /* Model */ = {
			isa = PBXGroup;
			children = (
				2F2A2B341F50ED1400A81073 /* Channel.swift */,
			);
			name = Model;
			sourceTree = "<group>";
		};
		2FFB7A3E1F44EB9500B92DA9 /* View */ = {
			isa = PBXGroup;
			children = (
				2FA767261F472B2900B030FF /* GradientView.swift */,
				2F2245691F4C7BC30013174E /* RoundedButton.swift */,
				2F05C0F51F4D945D00633F44 /* AvatarCellCollectionViewCell.swift */,
				2F40879F1F4DEE81006BB513 /* CircleImage.swift */,
				2F220FA91F51A7B800DA4831 /* ChannelCell.swift */,
			);
			name = View;
			sourceTree = "<group>";
		};
		2FFB7A3F1F44EB9A00B92DA9 /* Controller */ = {
			isa = PBXGroup;
			children = (
				2FFB7A401F44EDC600B92DA9 /* ChannelViewController.swift */,
				2FFB7A421F44EDDA00B92DA9 /* ChatViewController.swift */,
				2F0490131F478D2900FE52F4 /* LoginViewController.swift */,
				2F5BE5131F4A076A004A4952 /* CreateAccountViewController.swift */,
				2F05C0F31F4D844900633F44 /* AvatarPickerViewController.swift */,
				2F7E2CB61F507D4B00C9AC94 /* ProfileViewController.swift */,
				2F220FAB1F51B76600DA4831 /* AddChannelViewController.swift */,
			);
			name = Controller;
			sourceTree = "<group>";
		};
		4F545A0806CFA4C1918E3396 /* Pods */ = {
			isa = PBXGroup;
			children = (
				D95F4EEC50E689854C917458 /* Pods-Converse.debug.xcconfig */,
				F44E5E1C03D8231D5AC87492 /* Pods-Converse.release.xcconfig */,
			);
			name = Pods;
			sourceTree = "<group>";
		};
/* End PBXGroup section */

/* Begin PBXNativeTarget section */
		2F4447911F3A08BD00A012EE /* Converse */ = {
			isa = PBXNativeTarget;
			buildConfigurationList = 2F4447A41F3A08BD00A012EE /* Build configuration list for PBXNativeTarget "Converse" */;
			buildPhases = (
				7800A4C7F977B679AB6D1A28 /* [CP] Check Pods Manifest.lock */,
				2F44478E1F3A08BD00A012EE /* Sources */,
				2F44478F1F3A08BD00A012EE /* Frameworks */,
				2F4447901F3A08BD00A012EE /* Resources */,
				6C35874251011132EF1FE9F9 /* [CP] Embed Pods Frameworks */,
				79D55D53077FB634B1E401F5 /* [CP] Copy Pods Resources */,
			);
			buildRules = (
			);
			dependencies = (
			);
			name = Converse;
			productName = Converse;
			productReference = 2F4447921F3A08BD00A012EE /* Converse.app */;
			productType = "com.apple.product-type.application";
		};
/* End PBXNativeTarget section */

/* Begin PBXProject section */
		2F44478A1F3A08BD00A012EE /* Project object */ = {
			isa = PBXProject;
			attributes = {
				LastSwiftUpdateCheck = 0820;
				LastUpgradeCheck = 0820;
				ORGANIZATIONNAME = Whatever;
				TargetAttributes = {
					2F4447911F3A08BD00A012EE = {
						CreatedOnToolsVersion = 8.2.1;
						DevelopmentTeam = JX556H8Q63;
						LastSwiftMigration = 0820;
						ProvisioningStyle = Automatic;
					};
				};
			};
			buildConfigurationList = 2F44478D1F3A08BD00A012EE /* Build configuration list for PBXProject "Converse" */;
			compatibilityVersion = "Xcode 3.2";
			developmentRegion = English;
			hasScannedForEncodings = 0;
			knownRegions = (
				en,
				Base,
			);
			mainGroup = 2F4447891F3A08BD00A012EE;
			productRefGroup = 2F4447931F3A08BD00A012EE /* Products */;
			projectDirPath = "";
			projectRoot = "";
			targets = (
				2F4447911F3A08BD00A012EE /* Converse */,
			);
		};
/* End PBXProject section */

/* Begin PBXResourcesBuildPhase section */
		2F4447901F3A08BD00A012EE /* Resources */ = {
			isa = PBXResourcesBuildPhase;
			buildActionMask = 2147483647;
			files = (
				2F4447A01F3A08BD00A012EE /* LaunchScreen.storyboard in Resources */,
				2F220FAE1F51B76600DA4831 /* AddChannelViewController.xib in Resources */,
				2F44479D1F3A08BD00A012EE /* Assets.xcassets in Resources */,
				2F7E2CB91F507D4B00C9AC94 /* ProfileViewController.xib in Resources */,
				2F44479B1F3A08BD00A012EE /* Main.storyboard in Resources */,
			);
			runOnlyForDeploymentPostprocessing = 0;
		};
/* End PBXResourcesBuildPhase section */

/* Begin PBXShellScriptBuildPhase section */
		6C35874251011132EF1FE9F9 /* [CP] Embed Pods Frameworks */ = {
			isa = PBXShellScriptBuildPhase;
			buildActionMask = 2147483647;
			files = (
			);
			inputPaths = (
			);
			name = "[CP] Embed Pods Frameworks";
			outputPaths = (
			);
			runOnlyForDeploymentPostprocessing = 0;
			shellPath = /bin/sh;
			shellScript = "\"${SRCROOT}/Pods/Target Support Files/Pods-Converse/Pods-Converse-frameworks.sh\"\n";
			showEnvVarsInLog = 0;
		};
		7800A4C7F977B679AB6D1A28 /* [CP] Check Pods Manifest.lock */ = {
			isa = PBXShellScriptBuildPhase;
			buildActionMask = 2147483647;
			files = (
			);
			inputPaths = (
			);
			name = "[CP] Check Pods Manifest.lock";
			outputPaths = (
			);
			runOnlyForDeploymentPostprocessing = 0;
			shellPath = /bin/sh;
			shellScript = "diff \"${PODS_ROOT}/../Podfile.lock\" \"${PODS_ROOT}/Manifest.lock\" > /dev/null\nif [ $? != 0 ] ; then\n    # print error to STDERR\n    echo \"error: The sandbox is not in sync with the Podfile.lock. Run 'pod install' or update your CocoaPods installation.\" >&2\n    exit 1\nfi\n";
			showEnvVarsInLog = 0;
		};
		79D55D53077FB634B1E401F5 /* [CP] Copy Pods Resources */ = {
			isa = PBXShellScriptBuildPhase;
			buildActionMask = 2147483647;
			files = (
			);
			inputPaths = (
			);
			name = "[CP] Copy Pods Resources";
			outputPaths = (
			);
			runOnlyForDeploymentPostprocessing = 0;
			shellPath = /bin/sh;
			shellScript = "\"${SRCROOT}/Pods/Target Support Files/Pods-Converse/Pods-Converse-resources.sh\"\n";
			showEnvVarsInLog = 0;
		};
/* End PBXShellScriptBuildPhase section */

/* Begin PBXSourcesBuildPhase section */
		2F44478E1F3A08BD00A012EE /* Sources */ = {
			isa = PBXSourcesBuildPhase;
			buildActionMask = 2147483647;
			files = (
				2F01560B1F52FCE80023F909 /* SocketService.swift in Sources */,
				2F0490141F478D2900FE52F4 /* LoginViewController.swift in Sources */,
				2F220FAA1F51A7B800DA4831 /* ChannelCell.swift in Sources */,
				2F22456A1F4C7BC30013174E /* RoundedButton.swift in Sources */,
				2F4447961F3A08BD00A012EE /* AppDelegate.swift in Sources */,
				2F4087A01F4DEE81006BB513 /* CircleImage.swift in Sources */,
				2F2A2B351F50ED1400A81073 /* Channel.swift in Sources */,
				2FDE78291F4CDAD700CB7F5C /* UserDataService.swift in Sources */,
				2F05C0F61F4D945D00633F44 /* AvatarCellCollectionViewCell.swift in Sources */,
				2FFB7A411F44EDC600B92DA9 /* ChannelViewController.swift in Sources */,
				2F2245681F4C69000013174E /* AuthService.swift in Sources */,
				2F05C0F41F4D844900633F44 /* AvatarPickerViewController.swift in Sources */,
				2F2A2B331F50ED0600A81073 /* MessagesService.swift in Sources */,
				2FA767271F472B2900B030FF /* GradientView.swift in Sources */,
				2F220FAD1F51B76600DA4831 /* AddChannelViewController.swift in Sources */,
				2F5BE5141F4A076A004A4952 /* CreateAccountViewController.swift in Sources */,
				2FFB7A431F44EDDA00B92DA9 /* ChatViewController.swift in Sources */,
				2F7E2CB81F507D4B00C9AC94 /* ProfileViewController.swift in Sources */,
				2F6F98161F41DDD600A41D08 /* SWRevealViewController.m in Sources */,
				2F0490101F47587C00FE52F4 /* Constants.swift in Sources */,
			);
			runOnlyForDeploymentPostprocessing = 0;
		};
/* End PBXSourcesBuildPhase section */

/* Begin PBXVariantGroup section */
		2F4447991F3A08BD00A012EE /* Main.storyboard */ = {
			isa = PBXVariantGroup;
			children = (
				2F44479A1F3A08BD00A012EE /* Base */,
			);
			name = Main.storyboard;
			sourceTree = "<group>";
		};
		2F44479E1F3A08BD00A012EE /* LaunchScreen.storyboard */ = {
			isa = PBXVariantGroup;
			children = (
				2F44479F1F3A08BD00A012EE /* Base */,
			);
			name = LaunchScreen.storyboard;
			sourceTree = "<group>";
		};
/* End PBXVariantGroup section */

/* Begin XCBuildConfiguration section */
		2F4447A21F3A08BD00A012EE /* Debug */ = {
			isa = XCBuildConfiguration;
			buildSettings = {
				ALWAYS_SEARCH_USER_PATHS = NO;
				CLANG_ANALYZER_NONNULL = YES;
				CLANG_CXX_LANGUAGE_STANDARD = "gnu++0x";
				CLANG_CXX_LIBRARY = "libc++";
				CLANG_ENABLE_MODULES = YES;
				CLANG_ENABLE_OBJC_ARC = YES;
				CLANG_WARN_BOOL_CONVERSION = YES;
				CLANG_WARN_CONSTANT_CONVERSION = YES;
				CLANG_WARN_DIRECT_OBJC_ISA_USAGE = YES_ERROR;
				CLANG_WARN_DOCUMENTATION_COMMENTS = YES;
				CLANG_WARN_EMPTY_BODY = YES;
				CLANG_WARN_ENUM_CONVERSION = YES;
				CLANG_WARN_INFINITE_RECURSION = YES;
				CLANG_WARN_INT_CONVERSION = YES;
				CLANG_WARN_OBJC_ROOT_CLASS = YES_ERROR;
				CLANG_WARN_SUSPICIOUS_MOVE = YES;
				CLANG_WARN_UNREACHABLE_CODE = YES;
				CLANG_WARN__DUPLICATE_METHOD_MATCH = YES;
				"CODE_SIGN_IDENTITY[sdk=iphoneos*]" = "iPhone Developer";
				COPY_PHASE_STRIP = NO;
				DEBUG_INFORMATION_FORMAT = dwarf;
				ENABLE_STRICT_OBJC_MSGSEND = YES;
				ENABLE_TESTABILITY = YES;
				GCC_C_LANGUAGE_STANDARD = gnu99;
				GCC_DYNAMIC_NO_PIC = NO;
				GCC_NO_COMMON_BLOCKS = YES;
				GCC_OPTIMIZATION_LEVEL = 0;
				GCC_PREPROCESSOR_DEFINITIONS = (
					"DEBUG=1",
					"$(inherited)",
				);
				GCC_WARN_64_TO_32_BIT_CONVERSION = YES;
				GCC_WARN_ABOUT_RETURN_TYPE = YES_ERROR;
				GCC_WARN_UNDECLARED_SELECTOR = YES;
				GCC_WARN_UNINITIALIZED_AUTOS = YES_AGGRESSIVE;
				GCC_WARN_UNUSED_FUNCTION = YES;
				GCC_WARN_UNUSED_VARIABLE = YES;
				IPHONEOS_DEPLOYMENT_TARGET = 10.2;
				MTL_ENABLE_DEBUG_INFO = YES;
				ONLY_ACTIVE_ARCH = YES;
				SDKROOT = iphoneos;
				SWIFT_ACTIVE_COMPILATION_CONDITIONS = DEBUG;
				SWIFT_OPTIMIZATION_LEVEL = "-Onone";
				TARGETED_DEVICE_FAMILY = "1,2";
			};
			name = Debug;
		};
		2F4447A31F3A08BD00A012EE /* Release */ = {
			isa = XCBuildConfiguration;
			buildSettings = {
				ALWAYS_SEARCH_USER_PATHS = NO;
				CLANG_ANALYZER_NONNULL = YES;
				CLANG_CXX_LANGUAGE_STANDARD = "gnu++0x";
				CLANG_CXX_LIBRARY = "libc++";
				CLANG_ENABLE_MODULES = YES;
				CLANG_ENABLE_OBJC_ARC = YES;
				CLANG_WARN_BOOL_CONVERSION = YES;
				CLANG_WARN_CONSTANT_CONVERSION = YES;
				CLANG_WARN_DIRECT_OBJC_ISA_USAGE = YES_ERROR;
				CLANG_WARN_DOCUMENTATION_COMMENTS = YES;
				CLANG_WARN_EMPTY_BODY = YES;
				CLANG_WARN_ENUM_CONVERSION = YES;
				CLANG_WARN_INFINITE_RECURSION = YES;
				CLANG_WARN_INT_CONVERSION = YES;
				CLANG_WARN_OBJC_ROOT_CLASS = YES_ERROR;
				CLANG_WARN_SUSPICIOUS_MOVE = YES;
				CLANG_WARN_UNREACHABLE_CODE = YES;
				CLANG_WARN__DUPLICATE_METHOD_MATCH = YES;
				"CODE_SIGN_IDENTITY[sdk=iphoneos*]" = "iPhone Developer";
				COPY_PHASE_STRIP = NO;
				DEBUG_INFORMATION_FORMAT = "dwarf-with-dsym";
				ENABLE_NS_ASSERTIONS = NO;
				ENABLE_STRICT_OBJC_MSGSEND = YES;
				GCC_C_LANGUAGE_STANDARD = gnu99;
				GCC_NO_COMMON_BLOCKS = YES;
				GCC_WARN_64_TO_32_BIT_CONVERSION = YES;
				GCC_WARN_ABOUT_RETURN_TYPE = YES_ERROR;
				GCC_WARN_UNDECLARED_SELECTOR = YES;
				GCC_WARN_UNINITIALIZED_AUTOS = YES_AGGRESSIVE;
				GCC_WARN_UNUSED_FUNCTION = YES;
				GCC_WARN_UNUSED_VARIABLE = YES;
				IPHONEOS_DEPLOYMENT_TARGET = 10.2;
				MTL_ENABLE_DEBUG_INFO = NO;
				SDKROOT = iphoneos;
				SWIFT_OPTIMIZATION_LEVEL = "-Owholemodule";
				TARGETED_DEVICE_FAMILY = "1,2";
				VALIDATE_PRODUCT = YES;
			};
			name = Release;
		};
		2F4447A51F3A08BD00A012EE /* Debug */ = {
			isa = XCBuildConfiguration;
			baseConfigurationReference = D95F4EEC50E689854C917458 /* Pods-Converse.debug.xcconfig */;
			buildSettings = {
				ASSETCATALOG_COMPILER_APPICON_NAME = AppIcon;
				CLANG_ENABLE_MODULES = YES;
				DEVELOPMENT_TEAM = JX556H8Q63;
				INFOPLIST_FILE = Converse/Info.plist;
				LD_RUNPATH_SEARCH_PATHS = "$(inherited) @executable_path/Frameworks";
				PRODUCT_BUNDLE_IDENTIFIER = com.FreakFrank.Converse;
				PRODUCT_NAME = "$(TARGET_NAME)";
				SWIFT_OBJC_BRIDGING_HEADER = "Converse-Bridging-Header.h";
				SWIFT_OPTIMIZATION_LEVEL = "-Onone";
				SWIFT_VERSION = 3.0;
			};
			name = Debug;
		};
		2F4447A61F3A08BD00A012EE /* Release */ = {
			isa = XCBuildConfiguration;
			baseConfigurationReference = F44E5E1C03D8231D5AC87492 /* Pods-Converse.release.xcconfig */;
			buildSettings = {
				ASSETCATALOG_COMPILER_APPICON_NAME = AppIcon;
				CLANG_ENABLE_MODULES = YES;
				DEVELOPMENT_TEAM = JX556H8Q63;
				INFOPLIST_FILE = Converse/Info.plist;
				LD_RUNPATH_SEARCH_PATHS = "$(inherited) @executable_path/Frameworks";
				PRODUCT_BUNDLE_IDENTIFIER = com.FreakFrank.Converse;
				PRODUCT_NAME = "$(TARGET_NAME)";
				SWIFT_OBJC_BRIDGING_HEADER = "Converse-Bridging-Header.h";
				SWIFT_VERSION = 3.0;
			};
			name = Release;
		};
/* End XCBuildConfiguration section */

/* Begin XCConfigurationList section */
		2F44478D1F3A08BD00A012EE /* Build configuration list for PBXProject "Converse" */ = {
			isa = XCConfigurationList;
			buildConfigurations = (
				2F4447A21F3A08BD00A012EE /* Debug */,
				2F4447A31F3A08BD00A012EE /* Release */,
			);
			defaultConfigurationIsVisible = 0;
			defaultConfigurationName = Release;
		};
		2F4447A41F3A08BD00A012EE /* Build configuration list for PBXNativeTarget "Converse" */ = {
			isa = XCConfigurationList;
			buildConfigurations = (
				2F4447A51F3A08BD00A012EE /* Debug */,
				2F4447A61F3A08BD00A012EE /* Release */,
			);
			defaultConfigurationIsVisible = 0;
			defaultConfigurationName = Release;
		};
/* End XCConfigurationList section */
	};
	rootObject = 2F44478A1F3A08BD00A012EE /* Project object */;
}
